{
    "name": "node-red-project",
    "version": "0.0.1",
    "lockfileVersion": 3,
    "requires": true,
    "packages": {
        "": {
            "name": "node-red-project",
            "version": "0.0.1",
            "dependencies": {
                "@coremarine/nmea-parser-nodered": "1.0.0"
            }
        },
        "../components/nmea-parser": {
            "version": "1.0.0",
            "license": "MIT",
            "dependencies": {
                "@coremarine/nmea-parser": "^1.6.9"
            },
            "engines": {
                "node": ">=18.0.0"
            }
        },
        "node_modules/@coremarine/nmea-parser-nodered": {
            "resolved": "../components/nmea-parser",
            "link": true
        }
    }
}
