{
  "name": "@coremarine/thelmabiotel-tblive",
  "version": "0.0.6",
  "lockfileVersion": 3,
  "requires": true,
  "packages": {
    "": {
      "name": "@coremarine/thelmabiotel-tblive",
      "version": "0.0.6",
      "license": "MIT",
      "dependencies": {
        "@schemasjs/valibot-numbers": "^1.0.17",
        "@schemasjs/validator": "^2.0.1"
      },
      "engines": {
        "node": ">= 18"
      },
      "peerDependencies": {
        "valibot": ">=1.0.0"
      }
    },
    "node_modules/@schemasjs/valibot-numbers": {
      "version": "1.0.17",
      "resolved": "https://registry.npmjs.org/@schemasjs/valibot-numbers/-/valibot-numbers-1.0.17.tgz",
      "integrity": "sha512-5CM+R054sCv15RUKXaeyOHLoF6Oyw2CR7H1iCeB51sAzKQ108WqBCcC4KmCgZGnBIYQxuU4ml/Tdf7PTbZ7iVw==",
      "license": "MIT",
      "peerDependencies": {
        "valibot": "^1.0.0"
      }
    },
    "node_modules/@schemasjs/validator": {
      "version": "2.0.1",
      "resolved": "https://registry.npmjs.org/@schemasjs/validator/-/validator-2.0.1.tgz",
      "integrity": "sha512-Jn/bLgdy/4ke/3L4/y+UD1/2KXNrXCtgKXeWTUZJRrLl0RQZVaQMISbFwy297cGYhcO0pTIRSr5DYumXBHCchg==",
      "license": "MIT",
      "optionalDependencies": {
        "valibot": ">1.0.0",
        "zod": "^3.24.2"
      }
    },
    "node_modules/valibot": {
      "version": "1.0.0",
      "resolved": "https://registry.npmjs.org/valibot/-/valibot-1.0.0.tgz",
      "integrity": "sha512-1Hc0ihzWxBar6NGeZv7fPLY0QuxFMyxwYR2sF1Blu7Wq7EnremwY2W02tit2ij2VJT8HcSkHAQqmFfl77f73Yw==",
      "license": "MIT",
      "peer": true,
      "peerDependencies": {
        "typescript": ">=5"
      },
      "peerDependenciesMeta": {
        "typescript": {
          "optional": true
        }
      }
    },
    "node_modules/zod": {
      "version": "3.24.2",
      "resolved": "https://registry.npmjs.org/zod/-/zod-3.24.2.tgz",
      "integrity": "sha512-lY7CDW43ECgW9u1TcT3IoXHflywfVqDYze4waEz812jR/bZ8FHDsl7pFQoSZTz5N+2NqRXs8GBwnAwo3ZNxqhQ==",
      "license": "MIT",
      "optional": true,
      "funding": {
        "url": "https://github.com/sponsors/colinhacks"
      }
    }
  }
}
