{
  "name": "@coremarine/thelmabiotel-tblive-nodered",
  "version": "0.0.2",
  "lockfileVersion": 3,
  "requires": true,
  "packages": {
    "": {
      "name": "@coremarine/thelmabiotel-tblive-nodered",
      "version": "0.0.2",
      "license": "MIT",
      "dependencies": {
        "@coremarine/thelmabiotel-tblive": ">=0.0.6"
      },
      "engines": {
        "node": ">=18.0.0"
      },
      "peerDependencies": {
        "valibot": ">=1.0.0"
      }
    },
    "node_modules/@coremarine/thelmabiotel-tblive": {
      "version": "0.0.6",
      "resolved": "https://registry.npmjs.org/@coremarine/thelmabiotel-tblive/-/thelmabiotel-tblive-0.0.6.tgz",
      "integrity": "sha512-VdWGOMcqMkWaQ8hfdt90TPjpe+OefWvy/l1TmuALQjxlsC5ZXtjKwtZmEzhCnRvclq7eFAlOXjzaPXgQwKKKpA==",
      "license": "MIT",
      "dependencies": {
        "@schemasjs/valibot-numbers": "^1.0.12",
        "@schemasjs/validator": "^1.0.0"
      },
      "engines": {
        "node": ">= 18"
      },
      "peerDependencies": {
        "valibot": ">=0.33.3"
      }
    },
    "node_modules/@schemasjs/valibot-numbers": {
      "version": "1.0.16",
      "resolved": "https://registry.npmjs.org/@schemasjs/valibot-numbers/-/valibot-numbers-1.0.16.tgz",
      "integrity": "sha512-Ay8Yds/wnaVKdBBraWqyduBSeQNUNHhusetC4hJex+mHtC5zxBy+yivCB4FMkZXoIgBck46GO+4jLTUJepr/0A==",
      "license": "MIT",
      "peerDependencies": {
        "valibot": ">0.31.0"
      }
    },
    "node_modules/@schemasjs/validator": {
      "version": "1.0.2",
      "resolved": "https://registry.npmjs.org/@schemasjs/validator/-/validator-1.0.2.tgz",
      "integrity": "sha512-EExTLVYgC8v0vg09+a+8dnBV7Yl2B5gLKuabFcw5Nzpw4FQQWtaLjyXeE7ehALqX6jTl0Uui+eSVCj3ejKVfSQ==",
      "license": "MIT",
      "optionalDependencies": {
        "valibot": ">0.31.0",
        "zod": "^3.23.8"
      }
    },
    "node_modules/valibot": {
      "version": "1.0.0",
      "resolved": "https://registry.npmjs.org/valibot/-/valibot-1.0.0.tgz",
      "integrity": "sha512-1Hc0ihzWxBar6NGeZv7fPLY0QuxFMyxwYR2sF1Blu7Wq7EnremwY2W02tit2ij2VJT8HcSkHAQqmFfl77f73Yw==",
      "license": "MIT",
      "peerDependencies": {
        "typescript": ">=5"
      },
      "peerDependenciesMeta": {
        "typescript": {
          "optional": true
        }
      }
    },
    "node_modules/zod": {
      "version": "3.23.8",
      "resolved": "https://registry.npmjs.org/zod/-/zod-3.23.8.tgz",
      "integrity": "sha512-XBx9AXhXktjUqnepgTiE5flcKIYWi/rme0Eaj+5Y0lftuGBq+jyRu/md4WnuxqgP1ubdpNCsYEYPxrzVHD8d6g==",
      "license": "MIT",
      "optional": true,
      "funding": {
        "url": "https://github.com/sponsors/colinhacks"
      }
    }
  }
}
