{
  "name": "@coremarine/nr-tb-live",
  "version": "1.0.0",
  "lockfileVersion": 3,
  "requires": true,
  "packages": {
    "": {
      "name": "@coremarine/nr-tb-live",
      "version": "1.0.0",
      "license": "MIT",
      "dependencies": {
        "@coremarine/tb-live": "^0.0.2"
      }
    },
    "node_modules/@coremarine/tb-live": {
      "version": "0.0.2",
      "resolved": "https://registry.npmjs.org/@coremarine/tb-live/-/tb-live-0.0.2.tgz",
      "integrity": "sha512-H4L9fDWrAs5PhF0xJ5AF+MYoMnn0DOqNluAL30cQYi4ZdwOOyXTGmvqJ8FHYWupC/CREsrKefRUxWreuz6aqbg==",
      "dependencies": {
        "@schemasjs/valibot-numbers": "^1.0.5",
        "valibot": "^0.30.0"
      }
    },
    "node_modules/@schemasjs/valibot-numbers": {
      "version": "1.0.5",
      "resolved": "https://registry.npmjs.org/@schemasjs/valibot-numbers/-/valibot-numbers-1.0.5.tgz",
      "integrity": "sha512-EmjpzTQETdifuh3pBSQVbgXH5OxBe6UySevzGke8//ClfUocAtREro/8DNj5LK/n8GWlaB3O94Hr+a7Cn2mZ/Q==",
      "dependencies": {
        "valibot": "^0.28.1"
      }
    },
    "node_modules/@schemasjs/valibot-numbers/node_modules/valibot": {
      "version": "0.28.1",
      "resolved": "https://registry.npmjs.org/valibot/-/valibot-0.28.1.tgz",
      "integrity": "sha512-zQnjwNJuXk6362Leu0+4eFa/SMwRom3/hEvH6s1EGf3oXIPbo2WFKDra9ymnbVh3clLRvd8hw4sKF5ruI2Lyvw=="
    },
    "node_modules/valibot": {
      "version": "0.30.0",
      "resolved": "https://registry.npmjs.org/valibot/-/valibot-0.30.0.tgz",
      "integrity": "sha512-5POBdbSkM+3nvJ6ZlyQHsggisfRtyT4tVTo1EIIShs6qCdXJnyWU5TJ68vr8iTg5zpOLjXLRiBqNx+9zwZz/rA=="
    }
  }
}
